
Microsoft Visual Studio Solution File, Format Version 12.00
# Visual Studio Version 17
VisualStudioVersion = 17.0.31919.166
MinimumVisualStudioVersion = 10.0.40219.1
Project("{9A19103F-16F7-4668-BE54-9A1E7A4F7556}") = "BackEndApp", "BackEndApp\BackEndApp.csproj", "{1E55D6B2-EE29-4EA3-ABC7-61210F9406A1}"
	ProjectSection(ProjectDependencies) = postProject
		{1DBFE009-CB2D-4E0E-9C61-008C3F10A525} = {1DBFE009-CB2D-4E0E-9C61-008C3F10A525}
		{BFB2C625-A063-480E-9DE5-32A162E0E26F} = {BFB2C625-A063-480E-9DE5-32A162E0E26F}
		{3CB9AF85-C1EE-4362-AD9D-C4F39FE84682} = {3CB9AF85-C1EE-4362-AD9D-C4F39FE84682}
		{B26D2A90-5300-43EB-8065-6FA700EB10D5} = {B26D2A90-5300-43EB-8065-6FA700EB10D5}
		{4E991BED-B09B-4F0D-B016-09A8FD4894F7} = {4E991BED-B09B-4F0D-B016-09A8FD4894F7}
	EndProjectSection
EndProject
Project("{9A19103F-16F7-4668-BE54-9A1E7A4F7556}") = "DbApp", "DbApp\DbApp.csproj", "{1DBFE009-CB2D-4E0E-9C61-008C3F10A525}"
	ProjectSection(ProjectDependencies) = postProject
		{BFB2C625-A063-480E-9DE5-32A162E0E26F} = {BFB2C625-A063-480E-9DE5-32A162E0E26F}
	EndProjectSection
EndProject
Project("{9A19103F-16F7-4668-BE54-9A1E7A4F7556}") = "MagickApp", "MagickApp\MagickApp.csproj", "{B26D2A90-5300-43EB-8065-6FA700EB10D5}"
EndProject
Project("{9A19103F-16F7-4668-BE54-9A1E7A4F7556}") = "ModelsApp", "ModelsApp\ModelsApp.csproj", "{BFB2C625-A063-480E-9DE5-32A162E0E26F}"
EndProject
Project("{9A19103F-16F7-4668-BE54-9A1E7A4F7556}") = "WorkerServiceApp", "WorkerServiceApp\WorkerServiceApp.csproj", "{BF6FBCE4-8134-4C49-9ECF-395B5349E978}"
	ProjectSection(ProjectDependencies) = postProject
		{1DBFE009-CB2D-4E0E-9C61-008C3F10A525} = {1DBFE009-CB2D-4E0E-9C61-008C3F10A525}
		{BFB2C625-A063-480E-9DE5-32A162E0E26F} = {BFB2C625-A063-480E-9DE5-32A162E0E26F}
		{3CB9AF85-C1EE-4362-AD9D-C4F39FE84682} = {3CB9AF85-C1EE-4362-AD9D-C4F39FE84682}
		{4E991BED-B09B-4F0D-B016-09A8FD4894F7} = {4E991BED-B09B-4F0D-B016-09A8FD4894F7}
	EndProjectSection
EndProject
Project("{9A19103F-16F7-4668-BE54-9A1E7A4F7556}") = "OcrApp", "OcrApp\OcrApp.csproj", "{3CB9AF85-C1EE-4362-AD9D-C4F39FE84682}"
	ProjectSection(ProjectDependencies) = postProject
		{B26D2A90-5300-43EB-8065-6FA700EB10D5} = {B26D2A90-5300-43EB-8065-6FA700EB10D5}
	EndProjectSection
EndProject
Project("{9A19103F-16F7-4668-BE54-9A1E7A4F7556}") = "StorageApp", "StorageApp\StorageApp.csproj", "{4E991BED-B09B-4F0D-B016-09A8FD4894F7}"
	ProjectSection(ProjectDependencies) = postProject
		{1DBFE009-CB2D-4E0E-9C61-008C3F10A525} = {1DBFE009-CB2D-4E0E-9C61-008C3F10A525}
		{BFB2C625-A063-480E-9DE5-32A162E0E26F} = {BFB2C625-A063-480E-9DE5-32A162E0E26F}
	EndProjectSection
EndProject
Project("{54A90642-561A-4BB1-A94E-469ADEE60C69}") = "FrontEndApp", "FrontEndApp\FrontEndApp.esproj", "{35BA1E61-7B8B-4A8A-9A5F-F3E1249FF38E}"
EndProject
Project("{9A19103F-16F7-4668-BE54-9A1E7A4F7556}") = "PdfApp", "PdfApp\PdfApp.csproj", "{21DAF6B6-D477-46B5-8A6F-F91423D28E1C}"
EndProject
Global
	GlobalSection(SolutionConfigurationPlatforms) = preSolution
		Debug|Any CPU = Debug|Any CPU
		Release|Any CPU = Release|Any CPU
	EndGlobalSection
	GlobalSection(ProjectConfigurationPlatforms) = postSolution
		{1E55D6B2-EE29-4EA3-ABC7-61210F9406A1}.Debug|Any CPU.ActiveCfg = Debug|Any CPU
		{1E55D6B2-EE29-4EA3-ABC7-61210F9406A1}.Debug|Any CPU.Build.0 = Debug|Any CPU
		{1E55D6B2-EE29-4EA3-ABC7-61210F9406A1}.Release|Any CPU.ActiveCfg = Release|Any CPU
		{1E55D6B2-EE29-4EA3-ABC7-61210F9406A1}.Release|Any CPU.Build.0 = Release|Any CPU
		{1DBFE009-CB2D-4E0E-9C61-008C3F10A525}.Debug|Any CPU.ActiveCfg = Debug|Any CPU
		{1DBFE009-CB2D-4E0E-9C61-008C3F10A525}.Debug|Any CPU.Build.0 = Debug|Any CPU
		{1DBFE009-CB2D-4E0E-9C61-008C3F10A525}.Release|Any CPU.ActiveCfg = Release|Any CPU
		{1DBFE009-CB2D-4E0E-9C61-008C3F10A525}.Release|Any CPU.Build.0 = Release|Any CPU
		{B26D2A90-5300-43EB-8065-6FA700EB10D5}.Debug|Any CPU.ActiveCfg = Debug|Any CPU
		{B26D2A90-5300-43EB-8065-6FA700EB10D5}.Debug|Any CPU.Build.0 = Debug|Any CPU
		{B26D2A90-5300-43EB-8065-6FA700EB10D5}.Release|Any CPU.ActiveCfg = Release|Any CPU
		{B26D2A90-5300-43EB-8065-6FA700EB10D5}.Release|Any CPU.Build.0 = Release|Any CPU
		{BFB2C625-A063-480E-9DE5-32A162E0E26F}.Debug|Any CPU.ActiveCfg = Debug|Any CPU
		{BFB2C625-A063-480E-9DE5-32A162E0E26F}.Debug|Any CPU.Build.0 = Debug|Any CPU
		{BFB2C625-A063-480E-9DE5-32A162E0E26F}.Release|Any CPU.ActiveCfg = Release|Any CPU
		{BFB2C625-A063-480E-9DE5-32A162E0E26F}.Release|Any CPU.Build.0 = Release|Any CPU
		{BF6FBCE4-8134-4C49-9ECF-395B5349E978}.Debug|Any CPU.ActiveCfg = Debug|Any CPU
		{BF6FBCE4-8134-4C49-9ECF-395B5349E978}.Debug|Any CPU.Build.0 = Debug|Any CPU
		{BF6FBCE4-8134-4C49-9ECF-395B5349E978}.Release|Any CPU.ActiveCfg = Release|Any CPU
		{BF6FBCE4-8134-4C49-9ECF-395B5349E978}.Release|Any CPU.Build.0 = Release|Any CPU
		{3CB9AF85-C1EE-4362-AD9D-C4F39FE84682}.Debug|Any CPU.ActiveCfg = Debug|Any CPU
		{3CB9AF85-C1EE-4362-AD9D-C4F39FE84682}.Debug|Any CPU.Build.0 = Debug|Any CPU
		{3CB9AF85-C1EE-4362-AD9D-C4F39FE84682}.Release|Any CPU.ActiveCfg = Release|Any CPU
		{3CB9AF85-C1EE-4362-AD9D-C4F39FE84682}.Release|Any CPU.Build.0 = Release|Any CPU
		{4E991BED-B09B-4F0D-B016-09A8FD4894F7}.Debug|Any CPU.ActiveCfg = Debug|Any CPU
		{4E991BED-B09B-4F0D-B016-09A8FD4894F7}.Debug|Any CPU.Build.0 = Debug|Any CPU
		{4E991BED-B09B-4F0D-B016-09A8FD4894F7}.Release|Any CPU.ActiveCfg = Release|Any CPU
		{4E991BED-B09B-4F0D-B016-09A8FD4894F7}.Release|Any CPU.Build.0 = Release|Any CPU
		{35BA1E61-7B8B-4A8A-9A5F-F3E1249FF38E}.Debug|Any CPU.ActiveCfg = Config|Any CPU
		{35BA1E61-7B8B-4A8A-9A5F-F3E1249FF38E}.Debug|Any CPU.Build.0 = Config|Any CPU
		{35BA1E61-7B8B-4A8A-9A5F-F3E1249FF38E}.Release|Any CPU.ActiveCfg = Config|Any CPU
		{35BA1E61-7B8B-4A8A-9A5F-F3E1249FF38E}.Release|Any CPU.Build.0 = Config|Any CPU
		{21DAF6B6-D477-46B5-8A6F-F91423D28E1C}.Debug|Any CPU.ActiveCfg = Debug|Any CPU
		{21DAF6B6-D477-46B5-8A6F-F91423D28E1C}.Debug|Any CPU.Build.0 = Debug|Any CPU
		{21DAF6B6-D477-46B5-8A6F-F91423D28E1C}.Release|Any CPU.ActiveCfg = Release|Any CPU
		{21DAF6B6-D477-46B5-8A6F-F91423D28E1C}.Release|Any CPU.Build.0 = Release|Any CPU
	EndGlobalSection
	GlobalSection(SolutionProperties) = preSolution
		HideSolutionNode = FALSE
	EndGlobalSection
	GlobalSection(ExtensibilityGlobals) = postSolution
		SolutionGuid = {3CB9AC0B-E570-494A-BD07-AF499C19E00B}
	EndGlobalSection
EndGlobal
