
Microsoft Visual Studio Solution File, Format Version 12.00
# Visual Studio Version 16
VisualStudioVersion = 16.0.31624.102
MinimumVisualStudioVersion = 10.0.40219.1
Project("{FAE04EC0-301F-11D3-BF4B-00C04F79EFBC}") = "ModelsApp", "ModelsApp.csproj", "{589251C8-F578-4E06-A90F-9312DBFE9EDB}"
EndProject
Global
	GlobalSection(SolutionConfigurationPlatforms) = preSolution
		Debug|Any CPU = Debug|Any CPU
		Release|Any CPU = Release|Any CPU
	EndGlobalSection
	GlobalSection(ProjectConfigurationPlatforms) = postSolution
		{589251C8-F578-4E06-A90F-9312DBFE9EDB}.Debug|Any CPU.ActiveCfg = Debug|Any CPU
		{589251C8-F578-4E06-A90F-9312DBFE9EDB}.Debug|Any CPU.Build.0 = Debug|Any CPU
		{589251C8-F578-4E06-A90F-9312DBFE9EDB}.Release|Any CPU.ActiveCfg = Release|Any CPU
		{589251C8-F578-4E06-A90F-9312DBFE9EDB}.Release|Any CPU.Build.0 = Release|Any CPU
	EndGlobalSection
	GlobalSection(SolutionProperties) = preSolution
		HideSolutionNode = FALSE
	EndGlobalSection
	GlobalSection(ExtensibilityGlobals) = postSolution
		SolutionGuid = {A76B0096-5263-4CB4-A208-03EBA8494F89}
	EndGlobalSection
EndGlobal
